
Microsoft Visual Studio Solution File, Format Version 12.00
# Visual Studio 2012
Project("{FAE04EC0-301F-11D3-BF4B-00C04F79EFBC}") = "RS232 InOut2", "RS232 InOut2\RS232 InOut2.csproj", "{501F4133-2778-4E28-91DE-A1BCC95EE0AF}"
EndProject
Global
	GlobalSection(SolutionConfigurationPlatforms) = preSolution
		Debug|Any CPU = Debug|Any CPU
		Release|Any CPU = Release|Any CPU
	EndGlobalSection
	GlobalSection(ProjectConfigurationPlatforms) = postSolution
		{501F4133-2778-4E28-91DE-A1BCC95EE0AF}.Debug|Any CPU.ActiveCfg = Debug|Any CPU
		{501F4133-2778-4E28-91DE-A1BCC95EE0AF}.Debug|Any CPU.Build.0 = Debug|Any CPU
		{501F4133-2778-4E28-91DE-A1BCC95EE0AF}.Release|Any CPU.ActiveCfg = Release|Any CPU
		{501F4133-2778-4E28-91DE-A1BCC95EE0AF}.Release|Any CPU.Build.0 = Release|Any CPU
	EndGlobalSection
	GlobalSection(SolutionProperties) = preSolution
		HideSolutionNode = FALSE
	EndGlobalSection
EndGlobal
